# THIS IS AN AUTOGENERATED FILE. DO NOT EDIT THIS FILE DIRECTLY.
# yarn lockfile v1


fp-ts@^2.2.0:
  version "2.2.0"
  resolved "https://registry.yarnpkg.com/fp-ts/-/fp-ts-2.2.0.tgz#7a442c6389e9b8424a5deb55eb099a8840072f4a"
  integrity sha512-muJL9NOYluuoRezrvOyQvLAHIXrYg7u/Tc6cu4PP/Ed4TJKrm6BVSX8H1goT/4nhgP/yQ+Z4Xjjt4ijeKFX4Ng==

typescript@^3.7.3:
  version "3.7.3"
  resolved "https://registry.yarnpkg.com/typescript/-/typescript-3.7.3.tgz#b36840668a16458a7025b9eabfad11b66ab85c69"
  integrity sha512-Mcr/Qk7hXqFBXMN7p7Lusj1ktCBydylfQM/FZCk5glCNQJrCUKPkMHdo9R0MTFWsC/4kPFvDS0fDPvukfCkFsw==
